{
  "name": "al-development-collection",
  "version": "2.11.0",
  "lockfileVersion": 3,
  "requires": true,
  "packages": {
    "": {
      "name": "al-development-collection",
      "version": "2.11.0",
      "license": "MIT",
      "bin": {
        "al-development-collection": "scripts/install.js"
      },
      "engines": {
        "node": ">=14.0.0"
      }
    }
  }
}
